// !$*UTF8*$!
{
	archiveVersion = 1;
	classes = {
	};
	objectVersion = 77;
	objects = {

/* Begin PBXContainerItemProxy section */
		9686DABD2D4A308E002613E4 /* PBXContainerItemProxy */ = {
			isa = PBXContainerItemProxy;
			containerPortal = 9686DA9E2D4A308D002613E4 /* Project object */;
			proxyType = 1;
			remoteGlobalIDString = 9686DAA52D4A308D002613E4;
			remoteInfo = UIKitWork;
		};
		9686DAC72D4A308E002613E4 /* PBXContainerItemProxy */ = {
			isa = PBXContainerItemProxy;
			containerPortal = 9686DA9E2D4A308D002613E4 /* Project object */;
			proxyType = 1;
			remoteGlobalIDString = 9686DAA52D4A308D002613E4;
			remoteInfo = UIKitWork;
		};
/* End PBXContainerItemProxy section */

/* Begin PBXFileReference section */
		9686DAA62D4A308D002613E4 /* UIKitWork.app */ = {isa = PBXFileReference; explicitFileType = wrapper.application; includeInIndex = 0; path = UIKitWork.app; sourceTree = BUILT_PRODUCTS_DIR; };
		9686DABC2D4A308E002613E4 /* UIKitWorkTests.xctest */ = {isa = PBXFileReference; explicitFileType = wrapper.cfbundle; includeInIndex = 0; path = UIKitWorkTests.xctest; sourceTree = BUILT_PRODUCTS_DIR; };
		9686DAC62D4A308E002613E4 /* UIKitWorkUITests.xctest */ = {isa = PBXFileReference; explicitFileType = wrapper.cfbundle; includeInIndex = 0; path = UIKitWorkUITests.xctest; sourceTree = BUILT_PRODUCTS_DIR; };
/* End PBXFileReference section */

/* Begin PBXFileSystemSynchronizedBuildFileExceptionSet section */
		9686DACE2D4A308E002613E4 /* Exceptions for "UIKitWork" folder in "UIKitWork" target */ = {
			isa = PBXFileSystemSynchronizedBuildFileExceptionSet;
			membershipExceptions = (
				Resources/Info.plist,
			);
			target = 9686DAA52D4A308D002613E4 /* UIKitWork */;
		};
/* End PBXFileSystemSynchronizedBuildFileExceptionSet section */

/* Begin PBXFileSystemSynchronizedRootGroup section */
		9686DAA82D4A308D002613E4 /* UIKitWork */ = {
			isa = PBXFileSystemSynchronizedRootGroup;
			exceptions = (
				9686DACE2D4A308E002613E4 /* Exceptions for "UIKitWork" folder in "UIKitWork" target */,
			);
			path = UIKitWork;
			sourceTree = "<group>";
		};
		9686DABF2D4A308E002613E4 /* UIKitWorkTests */ = {
			isa = PBXFileSystemSynchronizedRootGroup;
			path = UIKitWorkTests;
			sourceTree = "<group>";
		};
		9686DAC92D4A308E002613E4 /* UIKitWorkUITests */ = {
			isa = PBXFileSystemSynchronizedRootGroup;
			path = UIKitWorkUITests;
			sourceTree = "<group>";
		};
/* End PBXFileSystemSynchronizedRootGroup section */

/* Begin PBXFrameworksBuildPhase section */
		9686DAA32D4A308D002613E4 /* Frameworks */ = {
			isa = PBXFrameworksBuildPhase;
			buildActionMask = 2147483647;
			files = (
			);
			runOnlyForDeploymentPostprocessing = 0;
		};
		9686DAB92D4A308E002613E4 /* Frameworks */ = {
			isa = PBXFrameworksBuildPhase;
			buildActionMask = 2147483647;
			files = (
			);
			runOnlyForDeploymentPostprocessing = 0;
		};
		9686DAC32D4A308E002613E4 /* Frameworks */ = {
			isa = PBXFrameworksBuildPhase;
			buildActionMask = 2147483647;
			files = (
			);
			runOnlyForDeploymentPostprocessing = 0;
		};
/* End PBXFrameworksBuildPhase section */

/* Begin PBXGroup section */
		9686DA9D2D4A308D002613E4 = {
			isa = PBXGroup;
			children = (
				9686DAA82D4A308D002613E4 /* UIKitWork */,
				9686DABF2D4A308E002613E4 /* UIKitWorkTests */,
				9686DAC92D4A308E002613E4 /* UIKitWorkUITests */,
				9686DAA72D4A308D002613E4 /* Products */,
			);
			sourceTree = "<group>";
		};
		9686DAA72D4A308D002613E4 /* Products */ = {
			isa = PBXGroup;
			children = (
				9686DAA62D4A308D002613E4 /* UIKitWork.app */,
				9686DABC2D4A308E002613E4 /* UIKitWorkTests.xctest */,
				9686DAC62D4A308E002613E4 /* UIKitWorkUITests.xctest */,
			);
			name = Products;
			sourceTree = "<group>";
		};
/* End PBXGroup section */

/* Begin PBXNativeTarget section */
		9686DAA52D4A308D002613E4 /* UIKitWork */ = {
			isa = PBXNativeTarget;
			buildConfigurationList = 9686DACF2D4A308E002613E4 /* Build configuration list for PBXNativeTarget "UIKitWork" */;
			buildPhases = (
				9686DAA22D4A308D002613E4 /* Sources */,
				9686DAA32D4A308D002613E4 /* Frameworks */,
				9686DAA42D4A308D002613E4 /* Resources */,
			);
			buildRules = (
			);
			dependencies = (
			);
			fileSystemSynchronizedGroups = (
				9686DAA82D4A308D002613E4 /* UIKitWork */,
			);
			name = UIKitWork;
			packageProductDependencies = (
			);
			productName = UIKitWork;
			productReference = 9686DAA62D4A308D002613E4 /* UIKitWork.app */;
			productType = "com.apple.product-type.application";
		};
		9686DABB2D4A308E002613E4 /* UIKitWorkTests */ = {
			isa = PBXNativeTarget;
			buildConfigurationList = 9686DAD42D4A308E002613E4 /* Build configuration list for PBXNativeTarget "UIKitWorkTests" */;
			buildPhases = (
				9686DAB82D4A308E002613E4 /* Sources */,
				9686DAB92D4A308E002613E4 /* Frameworks */,
				9686DABA2D4A308E002613E4 /* Resources */,
			);
			buildRules = (
			);
			dependencies = (
				9686DABE2D4A308E002613E4 /* PBXTargetDependency */,
			);
			fileSystemSynchronizedGroups = (
				9686DABF2D4A308E002613E4 /* UIKitWorkTests */,
			);
			name = UIKitWorkTests;
			packageProductDependencies = (
			);
			productName = UIKitWorkTests;
			productReference = 9686DABC2D4A308E002613E4 /* UIKitWorkTests.xctest */;
			productType = "com.apple.product-type.bundle.unit-test";
		};
		9686DAC52D4A308E002613E4 /* UIKitWorkUITests */ = {
			isa = PBXNativeTarget;
			buildConfigurationList = 9686DAD72D4A308E002613E4 /* Build configuration list for PBXNativeTarget "UIKitWorkUITests" */;
			buildPhases = (
				9686DAC22D4A308E002613E4 /* Sources */,
				9686DAC32D4A308E002613E4 /* Frameworks */,
				9686DAC42D4A308E002613E4 /* Resources */,
			);
			buildRules = (
			);
			dependencies = (
				9686DAC82D4A308E002613E4 /* PBXTargetDependency */,
			);
			fileSystemSynchronizedGroups = (
				9686DAC92D4A308E002613E4 /* UIKitWorkUITests */,
			);
			name = UIKitWorkUITests;
			packageProductDependencies = (
			);
			productName = UIKitWorkUITests;
			productReference = 9686DAC62D4A308E002613E4 /* UIKitWorkUITests.xctest */;
			productType = "com.apple.product-type.bundle.ui-testing";
		};
/* End PBXNativeTarget section */

/* Begin PBXProject section */
		9686DA9E2D4A308D002613E4 /* Project object */ = {
			isa = PBXProject;
			attributes = {
				BuildIndependentTargetsInParallel = 1;
				LastSwiftUpdateCheck = 1620;
				LastUpgradeCheck = 1620;
				TargetAttributes = {
					9686DAA52D4A308D002613E4 = {
						CreatedOnToolsVersion = 16.2;
					};
					9686DABB2D4A308E002613E4 = {
						CreatedOnToolsVersion = 16.2;
						TestTargetID = 9686DAA52D4A308D002613E4;
					};
					9686DAC52D4A308E002613E4 = {
						CreatedOnToolsVersion = 16.2;
						TestTargetID = 9686DAA52D4A308D002613E4;
					};
				};
			};
			buildConfigurationList = 9686DAA12D4A308D002613E4 /* Build configuration list for PBXProject "UIKitWork" */;
			developmentRegion = en;
			hasScannedForEncodings = 0;
			knownRegions = (
				en,
				Base,
			);
			mainGroup = 9686DA9D2D4A308D002613E4;
			minimizedProjectReferenceProxies = 1;
			preferredProjectObjectVersion = 77;
			productRefGroup = 9686DAA72D4A308D002613E4 /* Products */;
			projectDirPath = "";
			projectRoot = "";
			targets = (
				9686DAA52D4A308D002613E4 /* UIKitWork */,
				9686DABB2D4A308E002613E4 /* UIKitWorkTests */,
				9686DAC52D4A308E002613E4 /* UIKitWorkUITests */,
			);
		};
/* End PBXProject section */

/* Begin PBXResourcesBuildPhase section */
		9686DAA42D4A308D002613E4 /* Resources */ = {
			isa = PBXResourcesBuildPhase;
			buildActionMask = 2147483647;
			files = (
			);
			runOnlyForDeploymentPostprocessing = 0;
		};
		9686DABA2D4A308E002613E4 /* Resources */ = {
			isa = PBXResourcesBuildPhase;
			buildActionMask = 2147483647;
			files = (
			);
			runOnlyForDeploymentPostprocessing = 0;
		};
		9686DAC42D4A308E002613E4 /* Resources */ = {
			isa = PBXResourcesBuildPhase;
			buildActionMask = 2147483647;
			files = (
			);
			runOnlyForDeploymentPostprocessing = 0;
		};
/* End PBXResourcesBuildPhase section */

/* Begin PBXSourcesBuildPhase section */
		9686DAA22D4A308D002613E4 /* Sources */ = {
			isa = PBXSourcesBuildPhase;
			buildActionMask = 2147483647;
			files = (
			);
			runOnlyForDeploymentPostprocessing = 0;
		};
		9686DAB82D4A308E002613E4 /* Sources */ = {
			isa = PBXSourcesBuildPhase;
			buildActionMask = 2147483647;
			files = (
			);
			runOnlyForDeploymentPostprocessing = 0;
		};
		9686DAC22D4A308E002613E4 /* Sources */ = {
			isa = PBXSourcesBuildPhase;
			buildActionMask = 2147483647;
			files = (
			);
			runOnlyForDeploymentPostprocessing = 0;
		};
/* End PBXSourcesBuildPhase section */

/* Begin PBXTargetDependency section */
		9686DABE2D4A308E002613E4 /* PBXTargetDependency */ = {
			isa = PBXTargetDependency;
			target = 9686DAA52D4A308D002613E4 /* UIKitWork */;
			targetProxy = 9686DABD2D4A308E002613E4 /* PBXContainerItemProxy */;
		};
		9686DAC82D4A308E002613E4 /* PBXTargetDependency */ = {
			isa = PBXTargetDependency;
			target = 9686DAA52D4A308D002613E4 /* UIKitWork */;
			targetProxy = 9686DAC72D4A308E002613E4 /* PBXContainerItemProxy */;
		};
/* End PBXTargetDependency section */

/* Begin XCBuildConfiguration section */
		9686DAD02D4A308E002613E4 /* Debug */ = {
			isa = XCBuildConfiguration;
			buildSettings = {
				ASSETCATALOG_COMPILER_APPICON_NAME = AppIcon;
				ASSETCATALOG_COMPILER_GLOBAL_ACCENT_COLOR_NAME = AccentColor;
				CODE_SIGN_STYLE = Automatic;
				CURRENT_PROJECT_VERSION = 1;
				GENERATE_INFOPLIST_FILE = YES;
				INFOPLIST_FILE = UIKitWork/Resources/Info.plist;
				INFOPLIST_KEY_UIApplicationSupportsIndirectInputEvents = YES;
				INFOPLIST_KEY_UILaunchStoryboardName = LaunchScreen;
				INFOPLIST_KEY_UIMainStoryboardFile = Main;
				INFOPLIST_KEY_UISupportedInterfaceOrientations_iPad = "UIInterfaceOrientationPortrait UIInterfaceOrientationPortraitUpsideDown UIInterfaceOrientationLandscapeLeft UIInterfaceOrientationLandscapeRight";
				INFOPLIST_KEY_UISupportedInterfaceOrientations_iPhone = "UIInterfaceOrientationPortrait UIInterfaceOrientationLandscapeLeft UIInterfaceOrientationLandscapeRight";
				LD_RUNPATH_SEARCH_PATHS = (
					"$(inherited)",
					"@executable_path/Frameworks",
				);
				MARKETING_VERSION = 1.0;
				PRODUCT_BUNDLE_IDENTIFIER = com.Areefshaik.UIKitWork;
				PRODUCT_NAME = "$(TARGET_NAME)";
				SWIFT_EMIT_LOC_STRINGS = YES;
				SWIFT_VERSION = 5.0;
				TARGETED_DEVICE_FAMILY = "1,2";
			};
			name = Debug;
		};
		9686DAD12D4A308E002613E4 /* Release */ = {
			isa = XCBuildConfiguration;
			buildSettings = {
				ASSETCATALOG_COMPILER_APPICON_NAME = AppIcon;
				ASSETCATALOG_COMPILER_GLOBAL_ACCENT_COLOR_NAME = AccentColor;
				CODE_SIGN_STYLE = Automatic;
				CURRENT_PROJECT_VERSION = 1;
				GENERATE_INFOPLIST_FILE = YES;
				INFOPLIST_FILE = UIKitWork/Resources/Info.plist;
				INFOPLIST_KEY_UIApplicationSupportsIndirectInputEvents = YES;
				INFOPLIST_KEY_UILaunchStoryboardName = LaunchScreen;
				INFOPLIST_KEY_UIMainStoryboardFile = Main;
				INFOPLIST_KEY_UISupportedInterfaceOrientations_iPad = "UIInterfaceOrientationPortrait UIInterfaceOrientationPortraitUpsideDown UIInterfaceOrientationLandscapeLeft UIInterfaceOrientationLandscapeRight";
				INFOPLIST_KEY_UISupportedInterfaceOrientations_iPhone = "UIInterfaceOrientationPortrait UIInterfaceOrientationLandscapeLeft UIInterfaceOrientationLandscapeRight";
				LD_RUNPATH_SEARCH_PATHS = (
					"$(inherited)",
					"@executable_path/Frameworks",
				);
				MARKETING_VERSION = 1.0;
				PRODUCT_BUNDLE_IDENTIFIER = com.Areefshaik.UIKitWork;
				PRODUCT_NAME = "$(TARGET_NAME)";
				SWIFT_EMIT_LOC_STRINGS = YES;
				SWIFT_VERSION = 5.0;
				TARGETED_DEVICE_FAMILY = "1,2";
			};
			name = Release;
		};
		9686DAD22D4A308E002613E4 /* Debug */ = {
			isa = XCBuildConfiguration;
			buildSettings = {
				ALWAYS_SEARCH_USER_PATHS = NO;
				ASSETCATALOG_COMPILER_GENERATE_SWIFT_ASSET_SYMBOL_EXTENSIONS = YES;
				CLANG_ANALYZER_NONNULL = YES;
				CLANG_ANALYZER_NUMBER_OBJECT_CONVERSION = YES_AGGRESSIVE;
				CLANG_CXX_LANGUAGE_STANDARD = "gnu++20";
				CLANG_ENABLE_MODULES = YES;
				CLANG_ENABLE_OBJC_ARC = YES;
				CLANG_ENABLE_OBJC_WEAK = YES;
				CLANG_WARN_BLOCK_CAPTURE_AUTORELEASING = YES;
				CLANG_WARN_BOOL_CONVERSION = YES;
				CLANG_WARN_COMMA = YES;
				CLANG_WARN_CONSTANT_CONVERSION = YES;
				CLANG_WARN_DEPRECATED_OBJC_IMPLEMENTATIONS = YES;
				CLANG_WARN_DIRECT_OBJC_ISA_USAGE = YES_ERROR;
				CLANG_WARN_DOCUMENTATION_COMMENTS = YES;
				CLANG_WARN_EMPTY_BODY = YES;
				CLANG_WARN_ENUM_CONVERSION = YES;
				CLANG_WARN_INFINITE_RECURSION = YES;
				CLANG_WARN_INT_CONVERSION = YES;
				CLANG_WARN_NON_LITERAL_NULL_CONVERSION = YES;
				CLANG_WARN_OBJC_IMPLICIT_RETAIN_SELF = YES;
				CLANG_WARN_OBJC_LITERAL_CONVERSION = YES;
				CLANG_WARN_OBJC_ROOT_CLASS = YES_ERROR;
				CLANG_WARN_QUOTED_INCLUDE_IN_FRAMEWORK_HEADER = YES;
				CLANG_WARN_RANGE_LOOP_ANALYSIS = YES;
				CLANG_WARN_STRICT_PROTOTYPES = YES;
				CLANG_WARN_SUSPICIOUS_MOVE = YES;
				CLANG_WARN_UNGUARDED_AVAILABILITY = YES_AGGRESSIVE;
				CLANG_WARN_UNREACHABLE_CODE = YES;
				CLANG_WARN__DUPLICATE_METHOD_MATCH = YES;
				COPY_PHASE_STRIP = NO;
				DEBUG_INFORMATION_FORMAT = dwarf;
				ENABLE_STRICT_OBJC_MSGSEND = YES;
				ENABLE_TESTABILITY = YES;
				ENABLE_USER_SCRIPT_SANDBOXING = YES;
				GCC_C_LANGUAGE_STANDARD = gnu17;
				GCC_DYNAMIC_NO_PIC = NO;
				GCC_NO_COMMON_BLOCKS = YES;
				GCC_OPTIMIZATION_LEVEL = 0;
				GCC_PREPROCESSOR_DEFINITIONS = (
					"DEBUG=1",
					"$(inherited)",
				);
				GCC_WARN_64_TO_32_BIT_CONVERSION = YES;
				GCC_WARN_ABOUT_RETURN_TYPE = YES_ERROR;
				GCC_WARN_UNDECLARED_SELECTOR = YES;
				GCC_WARN_UNINITIALIZED_AUTOS = YES_AGGRESSIVE;
				GCC_WARN_UNUSED_FUNCTION = YES;
				GCC_WARN_UNUSED_VARIABLE = YES;
				IPHONEOS_DEPLOYMENT_TARGET = 18.2;
				LOCALIZATION_PREFERS_STRING_CATALOGS = YES;
				MTL_ENABLE_DEBUG_INFO = INCLUDE_SOURCE;
				MTL_FAST_MATH = YES;
				ONLY_ACTIVE_ARCH = YES;
				SDKROOT = iphoneos;
				SWIFT_ACTIVE_COMPILATION_CONDITIONS = "DEBUG $(inherited)";
				SWIFT_OPTIMIZATION_LEVEL = "-Onone";
			};
			name = Debug;
		};
		9686DAD32D4A308E002613E4 /* Release */ = {
			isa = XCBuildConfiguration;
			buildSettings = {
				ALWAYS_SEARCH_USER_PATHS = NO;
				ASSETCATALOG_COMPILER_GENERATE_SWIFT_ASSET_SYMBOL_EXTENSIONS = YES;
				CLANG_ANALYZER_NONNULL = YES;
				CLANG_ANALYZER_NUMBER_OBJECT_CONVERSION = YES_AGGRESSIVE;
				CLANG_CXX_LANGUAGE_STANDARD = "gnu++20";
				CLANG_ENABLE_MODULES = YES;
				CLANG_ENABLE_OBJC_ARC = YES;
				CLANG_ENABLE_OBJC_WEAK = YES;
				CLANG_WARN_BLOCK_CAPTURE_AUTORELEASING = YES;
				CLANG_WARN_BOOL_CONVERSION = YES;
				CLANG_WARN_COMMA = YES;
				CLANG_WARN_CONSTANT_CONVERSION = YES;
				CLANG_WARN_DEPRECATED_OBJC_IMPLEMENTATIONS = YES;
				CLANG_WARN_DIRECT_OBJC_ISA_USAGE = YES_ERROR;
				CLANG_WARN_DOCUMENTATION_COMMENTS = YES;
				CLANG_WARN_EMPTY_BODY = YES;
				CLANG_WARN_ENUM_CONVERSION = YES;
				CLANG_WARN_INFINITE_RECURSION = YES;
				CLANG_WARN_INT_CONVERSION = YES;
				CLANG_WARN_NON_LITERAL_NULL_CONVERSION = YES;
				CLANG_WARN_OBJC_IMPLICIT_RETAIN_SELF = YES;
				CLANG_WARN_OBJC_LITERAL_CONVERSION = YES;
				CLANG_WARN_OBJC_ROOT_CLASS = YES_ERROR;
				CLANG_WARN_QUOTED_INCLUDE_IN_FRAMEWORK_HEADER = YES;
				CLANG_WARN_RANGE_LOOP_ANALYSIS = YES;
				CLANG_WARN_STRICT_PROTOTYPES = YES;
				CLANG_WARN_SUSPICIOUS_MOVE = YES;
				CLANG_WARN_UNGUARDED_AVAILABILITY = YES_AGGRESSIVE;
				CLANG_WARN_UNREACHABLE_CODE = YES;
				CLANG_WARN__DUPLICATE_METHOD_MATCH = YES;
				COPY_PHASE_STRIP = NO;
				DEBUG_INFORMATION_FORMAT = "dwarf-with-dsym";
				ENABLE_NS_ASSERTIONS = NO;
				ENABLE_STRICT_OBJC_MSGSEND = YES;
				ENABLE_USER_SCRIPT_SANDBOXING = YES;
				GCC_C_LANGUAGE_STANDARD = gnu17;
				GCC_NO_COMMON_BLOCKS = YES;
				GCC_WARN_64_TO_32_BIT_CONVERSION = YES;
				GCC_WARN_ABOUT_RETURN_TYPE = YES_ERROR;
				GCC_WARN_UNDECLARED_SELECTOR = YES;
				GCC_WARN_UNINITIALIZED_AUTOS = YES_AGGRESSIVE;
				GCC_WARN_UNUSED_FUNCTION = YES;
				GCC_WARN_UNUSED_VARIABLE = YES;
				IPHONEOS_DEPLOYMENT_TARGET = 18.2;
				LOCALIZATION_PREFERS_STRING_CATALOGS = YES;
				MTL_ENABLE_DEBUG_INFO = NO;
				MTL_FAST_MATH = YES;
				SDKROOT = iphoneos;
				SWIFT_COMPILATION_MODE = wholemodule;
				VALIDATE_PRODUCT = YES;
			};
			name = Release;
		};
		9686DAD52D4A308E002613E4 /* Debug */ = {
			isa = XCBuildConfiguration;
			buildSettings = {
				BUNDLE_LOADER = "$(TEST_HOST)";
				CODE_SIGN_STYLE = Automatic;
				CURRENT_PROJECT_VERSION = 1;
				GENERATE_INFOPLIST_FILE = YES;
				IPHONEOS_DEPLOYMENT_TARGET = 18.2;
				MARKETING_VERSION = 1.0;
				PRODUCT_BUNDLE_IDENTIFIER = com.Areefshaik.UIKitWorkTests;
				PRODUCT_NAME = "$(TARGET_NAME)";
				SWIFT_EMIT_LOC_STRINGS = NO;
				SWIFT_VERSION = 5.0;
				TARGETED_DEVICE_FAMILY = "1,2";
				TEST_HOST = "$(BUILT_PRODUCTS_DIR)/UIKitWork.app/$(BUNDLE_EXECUTABLE_FOLDER_PATH)/UIKitWork";
			};
			name = Debug;
		};
		9686DAD62D4A308E002613E4 /* Release */ = {
			isa = XCBuildConfiguration;
			buildSettings = {
				BUNDLE_LOADER = "$(TEST_HOST)";
				CODE_SIGN_STYLE = Automatic;
				CURRENT_PROJECT_VERSION = 1;
				GENERATE_INFOPLIST_FILE = YES;
				IPHONEOS_DEPLOYMENT_TARGET = 18.2;
				MARKETING_VERSION = 1.0;
				PRODUCT_BUNDLE_IDENTIFIER = com.Areefshaik.UIKitWorkTests;
				PRODUCT_NAME = "$(TARGET_NAME)";
				SWIFT_EMIT_LOC_STRINGS = NO;
				SWIFT_VERSION = 5.0;
				TARGETED_DEVICE_FAMILY = "1,2";
				TEST_HOST = "$(BUILT_PRODUCTS_DIR)/UIKitWork.app/$(BUNDLE_EXECUTABLE_FOLDER_PATH)/UIKitWork";
			};
			name = Release;
		};
		9686DAD82D4A308E002613E4 /* Debug */ = {
			isa = XCBuildConfiguration;
			buildSettings = {
				CODE_SIGN_STYLE = Automatic;
				CURRENT_PROJECT_VERSION = 1;
				GENERATE_INFOPLIST_FILE = YES;
				MARKETING_VERSION = 1.0;
				PRODUCT_BUNDLE_IDENTIFIER = com.Areefshaik.UIKitWorkUITests;
				PRODUCT_NAME = "$(TARGET_NAME)";
				SWIFT_EMIT_LOC_STRINGS = NO;
				SWIFT_VERSION = 5.0;
				TARGETED_DEVICE_FAMILY = "1,2";
				TEST_TARGET_NAME = UIKitWork;
			};
			name = Debug;
		};
		9686DAD92D4A308E002613E4 /* Release */ = {
			isa = XCBuildConfiguration;
			buildSettings = {
				CODE_SIGN_STYLE = Automatic;
				CURRENT_PROJECT_VERSION = 1;
				GENERATE_INFOPLIST_FILE = YES;
				MARKETING_VERSION = 1.0;
				PRODUCT_BUNDLE_IDENTIFIER = com.Areefshaik.UIKitWorkUITests;
				PRODUCT_NAME = "$(TARGET_NAME)";
				SWIFT_EMIT_LOC_STRINGS = NO;
				SWIFT_VERSION = 5.0;
				TARGETED_DEVICE_FAMILY = "1,2";
				TEST_TARGET_NAME = UIKitWork;
			};
			name = Release;
		};
/* End XCBuildConfiguration section */

/* Begin XCConfigurationList section */
		9686DAA12D4A308D002613E4 /* Build configuration list for PBXProject "UIKitWork" */ = {
			isa = XCConfigurationList;
			buildConfigurations = (
				9686DAD22D4A308E002613E4 /* Debug */,
				9686DAD32D4A308E002613E4 /* Release */,
			);
			defaultConfigurationIsVisible = 0;
			defaultConfigurationName = Release;
		};
		9686DACF2D4A308E002613E4 /* Build configuration list for PBXNativeTarget "UIKitWork" */ = {
			isa = XCConfigurationList;
			buildConfigurations = (
				9686DAD02D4A308E002613E4 /* Debug */,
				9686DAD12D4A308E002613E4 /* Release */,
			);
			defaultConfigurationIsVisible = 0;
			defaultConfigurationName = Release;
		};
		9686DAD42D4A308E002613E4 /* Build configuration list for PBXNativeTarget "UIKitWorkTests" */ = {
			isa = XCConfigurationList;
			buildConfigurations = (
				9686DAD52D4A308E002613E4 /* Debug */,
				9686DAD62D4A308E002613E4 /* Release */,
			);
			defaultConfigurationIsVisible = 0;
			defaultConfigurationName = Release;
		};
		9686DAD72D4A308E002613E4 /* Build configuration list for PBXNativeTarget "UIKitWorkUITests" */ = {
			isa = XCConfigurationList;
			buildConfigurations = (
				9686DAD82D4A308E002613E4 /* Debug */,
				9686DAD92D4A308E002613E4 /* Release */,
			);
			defaultConfigurationIsVisible = 0;
			defaultConfigurationName = Release;
		};
/* End XCConfigurationList section */
	};
	rootObject = 9686DA9E2D4A308D002613E4 /* Project object */;
}
