// !$*UTF8*$!
{
	archiveVersion = 1;
	classes = {
	};
	objectVersion = 77;
	objects = {

/* Begin PBXContainerItemProxy section */
		9668770F2D30F7B900D21A8A /* PBXContainerItemProxy */ = {
			isa = PBXContainerItemProxy;
			containerPortal = 966876F02D30F7B800D21A8A /* Project object */;
			proxyType = 1;
			remoteGlobalIDString = 966876F72D30F7B800D21A8A;
			remoteInfo = UnitConverter2;
		};
		966877192D30F7B900D21A8A /* PBXContainerItemProxy */ = {
			isa = PBXContainerItemProxy;
			containerPortal = 966876F02D30F7B800D21A8A /* Project object */;
			proxyType = 1;
			remoteGlobalIDString = 966876F72D30F7B800D21A8A;
			remoteInfo = UnitConverter2;
		};
/* End PBXContainerItemProxy section */

/* Begin PBXFileReference section */
		966876F82D30F7B800D21A8A /* UnitConverter2.app */ = {isa = PBXFileReference; explicitFileType = wrapper.application; includeInIndex = 0; path = UnitConverter2.app; sourceTree = BUILT_PRODUCTS_DIR; };
		9668770E2D30F7B900D21A8A /* UnitConverter2Tests.xctest */ = {isa = PBXFileReference; explicitFileType = wrapper.cfbundle; includeInIndex = 0; path = UnitConverter2Tests.xctest; sourceTree = BUILT_PRODUCTS_DIR; };
		966877182D30F7B900D21A8A /* UnitConverter2UITests.xctest */ = {isa = PBXFileReference; explicitFileType = wrapper.cfbundle; includeInIndex = 0; path = UnitConverter2UITests.xctest; sourceTree = BUILT_PRODUCTS_DIR; };
/* End PBXFileReference section */

/* Begin PBXFileSystemSynchronizedBuildFileExceptionSet section */
		966877202D30F7B900D21A8A /* Exceptions for "UnitConverter2" folder in "UnitConverter2" target */ = {
			isa = PBXFileSystemSynchronizedBuildFileExceptionSet;
			membershipExceptions = (
				.swift,
				Info.plist,
			);
			target = 966876F72D30F7B800D21A8A /* UnitConverter2 */;
		};
/* End PBXFileSystemSynchronizedBuildFileExceptionSet section */

/* Begin PBXFileSystemSynchronizedGroupBuildPhaseMembershipExceptionSet section */
		966877842D310AAC00D21A8A /* Exceptions for "UnitConverter2" folder in "Compile Sources" phase from "UnitConverter2" target */ = {
			isa = PBXFileSystemSynchronizedGroupBuildPhaseMembershipExceptionSet;
			buildPhase = 966876F42D30F7B800D21A8A /* Sources */;
			membershipExceptions = (
				.swift,
			);
		};
/* End PBXFileSystemSynchronizedGroupBuildPhaseMembershipExceptionSet section */

/* Begin PBXFileSystemSynchronizedRootGroup section */
		966876FA2D30F7B800D21A8A /* UnitConverter2 */ = {
			isa = PBXFileSystemSynchronizedRootGroup;
			exceptions = (
				966877202D30F7B900D21A8A /* Exceptions for "UnitConverter2" folder in "UnitConverter2" target */,
				966877842D310AAC00D21A8A /* Exceptions for "UnitConverter2" folder in "Compile Sources" phase from "UnitConverter2" target */,
			);
			path = UnitConverter2;
			sourceTree = "<group>";
		};
		966877112D30F7B900D21A8A /* UnitConverter2Tests */ = {
			isa = PBXFileSystemSynchronizedRootGroup;
			path = UnitConverter2Tests;
			sourceTree = "<group>";
		};
		9668771B2D30F7B900D21A8A /* UnitConverter2UITests */ = {
			isa = PBXFileSystemSynchronizedRootGroup;
			path = UnitConverter2UITests;
			sourceTree = "<group>";
		};
/* End PBXFileSystemSynchronizedRootGroup section */

/* Begin PBXFrameworksBuildPhase section */
		966876F52D30F7B800D21A8A /* Frameworks */ = {
			isa = PBXFrameworksBuildPhase;
			buildActionMask = 2147483647;
			files = (
			);
			runOnlyForDeploymentPostprocessing = 0;
		};
		9668770B2D30F7B900D21A8A /* Frameworks */ = {
			isa = PBXFrameworksBuildPhase;
			buildActionMask = 2147483647;
			files = (
			);
			runOnlyForDeploymentPostprocessing = 0;
		};
		966877152D30F7B900D21A8A /* Frameworks */ = {
			isa = PBXFrameworksBuildPhase;
			buildActionMask = 2147483647;
			files = (
			);
			runOnlyForDeploymentPostprocessing = 0;
		};
/* End PBXFrameworksBuildPhase section */

/* Begin PBXGroup section */
		966876EF2D30F7B800D21A8A = {
			isa = PBXGroup;
			children = (
				966876FA2D30F7B800D21A8A /* UnitConverter2 */,
				966877112D30F7B900D21A8A /* UnitConverter2Tests */,
				9668771B2D30F7B900D21A8A /* UnitConverter2UITests */,
				966876F92D30F7B800D21A8A /* Products */,
			);
			sourceTree = "<group>";
		};
		966876F92D30F7B800D21A8A /* Products */ = {
			isa = PBXGroup;
			children = (
				966876F82D30F7B800D21A8A /* UnitConverter2.app */,
				9668770E2D30F7B900D21A8A /* UnitConverter2Tests.xctest */,
				966877182D30F7B900D21A8A /* UnitConverter2UITests.xctest */,
			);
			name = Products;
			sourceTree = "<group>";
		};
/* End PBXGroup section */

/* Begin PBXNativeTarget section */
		966876F72D30F7B800D21A8A /* UnitConverter2 */ = {
			isa = PBXNativeTarget;
			buildConfigurationList = 966877212D30F7B900D21A8A /* Build configuration list for PBXNativeTarget "UnitConverter2" */;
			buildPhases = (
				966876F42D30F7B800D21A8A /* Sources */,
				966876F52D30F7B800D21A8A /* Frameworks */,
				966876F62D30F7B800D21A8A /* Resources */,
			);
			buildRules = (
			);
			dependencies = (
			);
			fileSystemSynchronizedGroups = (
				966876FA2D30F7B800D21A8A /* UnitConverter2 */,
			);
			name = UnitConverter2;
			packageProductDependencies = (
			);
			productName = UnitConverter2;
			productReference = 966876F82D30F7B800D21A8A /* UnitConverter2.app */;
			productType = "com.apple.product-type.application";
		};
		9668770D2D30F7B900D21A8A /* UnitConverter2Tests */ = {
			isa = PBXNativeTarget;
			buildConfigurationList = 966877262D30F7B900D21A8A /* Build configuration list for PBXNativeTarget "UnitConverter2Tests" */;
			buildPhases = (
				9668770A2D30F7B900D21A8A /* Sources */,
				9668770B2D30F7B900D21A8A /* Frameworks */,
				9668770C2D30F7B900D21A8A /* Resources */,
			);
			buildRules = (
			);
			dependencies = (
				966877102D30F7B900D21A8A /* PBXTargetDependency */,
			);
			fileSystemSynchronizedGroups = (
				966877112D30F7B900D21A8A /* UnitConverter2Tests */,
			);
			name = UnitConverter2Tests;
			packageProductDependencies = (
			);
			productName = UnitConverter2Tests;
			productReference = 9668770E2D30F7B900D21A8A /* UnitConverter2Tests.xctest */;
			productType = "com.apple.product-type.bundle.unit-test";
		};
		966877172D30F7B900D21A8A /* UnitConverter2UITests */ = {
			isa = PBXNativeTarget;
			buildConfigurationList = 966877292D30F7B900D21A8A /* Build configuration list for PBXNativeTarget "UnitConverter2UITests" */;
			buildPhases = (
				966877142D30F7B900D21A8A /* Sources */,
				966877152D30F7B900D21A8A /* Frameworks */,
				966877162D30F7B900D21A8A /* Resources */,
			);
			buildRules = (
			);
			dependencies = (
				9668771A2D30F7B900D21A8A /* PBXTargetDependency */,
			);
			fileSystemSynchronizedGroups = (
				9668771B2D30F7B900D21A8A /* UnitConverter2UITests */,
			);
			name = UnitConverter2UITests;
			packageProductDependencies = (
			);
			productName = UnitConverter2UITests;
			productReference = 966877182D30F7B900D21A8A /* UnitConverter2UITests.xctest */;
			productType = "com.apple.product-type.bundle.ui-testing";
		};
/* End PBXNativeTarget section */

/* Begin PBXProject section */
		966876F02D30F7B800D21A8A /* Project object */ = {
			isa = PBXProject;
			attributes = {
				BuildIndependentTargetsInParallel = 1;
				LastSwiftUpdateCheck = 1620;
				LastUpgradeCheck = 1620;
				TargetAttributes = {
					966876F72D30F7B800D21A8A = {
						CreatedOnToolsVersion = 16.2;
					};
					9668770D2D30F7B900D21A8A = {
						CreatedOnToolsVersion = 16.2;
						TestTargetID = 966876F72D30F7B800D21A8A;
					};
					966877172D30F7B900D21A8A = {
						CreatedOnToolsVersion = 16.2;
						TestTargetID = 966876F72D30F7B800D21A8A;
					};
				};
			};
			buildConfigurationList = 966876F32D30F7B800D21A8A /* Build configuration list for PBXProject "UnitConverter2" */;
			developmentRegion = en;
			hasScannedForEncodings = 0;
			knownRegions = (
				en,
				Base,
			);
			mainGroup = 966876EF2D30F7B800D21A8A;
			minimizedProjectReferenceProxies = 1;
			preferredProjectObjectVersion = 77;
			productRefGroup = 966876F92D30F7B800D21A8A /* Products */;
			projectDirPath = "";
			projectRoot = "";
			targets = (
				966876F72D30F7B800D21A8A /* UnitConverter2 */,
				9668770D2D30F7B900D21A8A /* UnitConverter2Tests */,
				966877172D30F7B900D21A8A /* UnitConverter2UITests */,
			);
		};
/* End PBXProject section */

/* Begin PBXResourcesBuildPhase section */
		966876F62D30F7B800D21A8A /* Resources */ = {
			isa = PBXResourcesBuildPhase;
			buildActionMask = 2147483647;
			files = (
			);
			runOnlyForDeploymentPostprocessing = 0;
		};
		9668770C2D30F7B900D21A8A /* Resources */ = {
			isa = PBXResourcesBuildPhase;
			buildActionMask = 2147483647;
			files = (
			);
			runOnlyForDeploymentPostprocessing = 0;
		};
		966877162D30F7B900D21A8A /* Resources */ = {
			isa = PBXResourcesBuildPhase;
			buildActionMask = 2147483647;
			files = (
			);
			runOnlyForDeploymentPostprocessing = 0;
		};
/* End PBXResourcesBuildPhase section */

/* Begin PBXSourcesBuildPhase section */
		966876F42D30F7B800D21A8A /* Sources */ = {
			isa = PBXSourcesBuildPhase;
			buildActionMask = 2147483647;
			files = (
			);
			runOnlyForDeploymentPostprocessing = 0;
		};
		9668770A2D30F7B900D21A8A /* Sources */ = {
			isa = PBXSourcesBuildPhase;
			buildActionMask = 2147483647;
			files = (
			);
			runOnlyForDeploymentPostprocessing = 0;
		};
		966877142D30F7B900D21A8A /* Sources */ = {
			isa = PBXSourcesBuildPhase;
			buildActionMask = 2147483647;
			files = (
			);
			runOnlyForDeploymentPostprocessing = 0;
		};
/* End PBXSourcesBuildPhase section */

/* Begin PBXTargetDependency section */
		966877102D30F7B900D21A8A /* PBXTargetDependency */ = {
			isa = PBXTargetDependency;
			target = 966876F72D30F7B800D21A8A /* UnitConverter2 */;
			targetProxy = 9668770F2D30F7B900D21A8A /* PBXContainerItemProxy */;
		};
		9668771A2D30F7B900D21A8A /* PBXTargetDependency */ = {
			isa = PBXTargetDependency;
			target = 966876F72D30F7B800D21A8A /* UnitConverter2 */;
			targetProxy = 966877192D30F7B900D21A8A /* PBXContainerItemProxy */;
		};
/* End PBXTargetDependency section */

/* Begin XCBuildConfiguration section */
		966877222D30F7B900D21A8A /* Debug */ = {
			isa = XCBuildConfiguration;
			buildSettings = {
				ASSETCATALOG_COMPILER_APPICON_NAME = AppIcon;
				ASSETCATALOG_COMPILER_GLOBAL_ACCENT_COLOR_NAME = AccentColor;
				CODE_SIGN_STYLE = Automatic;
				CURRENT_PROJECT_VERSION = 1;
				GENERATE_INFOPLIST_FILE = YES;
				INFOPLIST_FILE = UnitConverter2/Info.plist;
				INFOPLIST_KEY_UIApplicationSupportsIndirectInputEvents = YES;
				INFOPLIST_KEY_UILaunchStoryboardName = LaunchScreen;
				INFOPLIST_KEY_UIMainStoryboardFile = Main;
				INFOPLIST_KEY_UISupportedInterfaceOrientations_iPad = "UIInterfaceOrientationPortrait UIInterfaceOrientationPortraitUpsideDown UIInterfaceOrientationLandscapeLeft UIInterfaceOrientationLandscapeRight";
				INFOPLIST_KEY_UISupportedInterfaceOrientations_iPhone = "UIInterfaceOrientationPortrait UIInterfaceOrientationLandscapeLeft UIInterfaceOrientationLandscapeRight";
				LD_RUNPATH_SEARCH_PATHS = (
					"$(inherited)",
					"@executable_path/Frameworks",
				);
				MARKETING_VERSION = 1.0;
				PRODUCT_BUNDLE_IDENTIFIER = com.Areefshail.UnitConverter2;
				PRODUCT_NAME = "$(TARGET_NAME)";
				SWIFT_EMIT_LOC_STRINGS = YES;
				SWIFT_VERSION = 5.0;
				TARGETED_DEVICE_FAMILY = "1,2";
			};
			name = Debug;
		};
		966877232D30F7B900D21A8A /* Release */ = {
			isa = XCBuildConfiguration;
			buildSettings = {
				ASSETCATALOG_COMPILER_APPICON_NAME = AppIcon;
				ASSETCATALOG_COMPILER_GLOBAL_ACCENT_COLOR_NAME = AccentColor;
				CODE_SIGN_STYLE = Automatic;
				CURRENT_PROJECT_VERSION = 1;
				GENERATE_INFOPLIST_FILE = YES;
				INFOPLIST_FILE = UnitConverter2/Info.plist;
				INFOPLIST_KEY_UIApplicationSupportsIndirectInputEvents = YES;
				INFOPLIST_KEY_UILaunchStoryboardName = LaunchScreen;
				INFOPLIST_KEY_UIMainStoryboardFile = Main;
				INFOPLIST_KEY_UISupportedInterfaceOrientations_iPad = "UIInterfaceOrientationPortrait UIInterfaceOrientationPortraitUpsideDown UIInterfaceOrientationLandscapeLeft UIInterfaceOrientationLandscapeRight";
				INFOPLIST_KEY_UISupportedInterfaceOrientations_iPhone = "UIInterfaceOrientationPortrait UIInterfaceOrientationLandscapeLeft UIInterfaceOrientationLandscapeRight";
				LD_RUNPATH_SEARCH_PATHS = (
					"$(inherited)",
					"@executable_path/Frameworks",
				);
				MARKETING_VERSION = 1.0;
				PRODUCT_BUNDLE_IDENTIFIER = com.Areefshail.UnitConverter2;
				PRODUCT_NAME = "$(TARGET_NAME)";
				SWIFT_EMIT_LOC_STRINGS = YES;
				SWIFT_VERSION = 5.0;
				TARGETED_DEVICE_FAMILY = "1,2";
			};
			name = Release;
		};
		966877242D30F7B900D21A8A /* Debug */ = {
			isa = XCBuildConfiguration;
			buildSettings = {
				ALWAYS_SEARCH_USER_PATHS = NO;
				ASSETCATALOG_COMPILER_GENERATE_SWIFT_ASSET_SYMBOL_EXTENSIONS = YES;
				CLANG_ANALYZER_NONNULL = YES;
				CLANG_ANALYZER_NUMBER_OBJECT_CONVERSION = YES_AGGRESSIVE;
				CLANG_CXX_LANGUAGE_STANDARD = "gnu++20";
				CLANG_ENABLE_MODULES = YES;
				CLANG_ENABLE_OBJC_ARC = YES;
				CLANG_ENABLE_OBJC_WEAK = YES;
				CLANG_WARN_BLOCK_CAPTURE_AUTORELEASING = YES;
				CLANG_WARN_BOOL_CONVERSION = YES;
				CLANG_WARN_COMMA = YES;
				CLANG_WARN_CONSTANT_CONVERSION = YES;
				CLANG_WARN_DEPRECATED_OBJC_IMPLEMENTATIONS = YES;
				CLANG_WARN_DIRECT_OBJC_ISA_USAGE = YES_ERROR;
				CLANG_WARN_DOCUMENTATION_COMMENTS = YES;
				CLANG_WARN_EMPTY_BODY = YES;
				CLANG_WARN_ENUM_CONVERSION = YES;
				CLANG_WARN_INFINITE_RECURSION = YES;
				CLANG_WARN_INT_CONVERSION = YES;
				CLANG_WARN_NON_LITERAL_NULL_CONVERSION = YES;
				CLANG_WARN_OBJC_IMPLICIT_RETAIN_SELF = YES;
				CLANG_WARN_OBJC_LITERAL_CONVERSION = YES;
				CLANG_WARN_OBJC_ROOT_CLASS = YES_ERROR;
				CLANG_WARN_QUOTED_INCLUDE_IN_FRAMEWORK_HEADER = YES;
				CLANG_WARN_RANGE_LOOP_ANALYSIS = YES;
				CLANG_WARN_STRICT_PROTOTYPES = YES;
				CLANG_WARN_SUSPICIOUS_MOVE = YES;
				CLANG_WARN_UNGUARDED_AVAILABILITY = YES_AGGRESSIVE;
				CLANG_WARN_UNREACHABLE_CODE = YES;
				CLANG_WARN__DUPLICATE_METHOD_MATCH = YES;
				COPY_PHASE_STRIP = NO;
				DEBUG_INFORMATION_FORMAT = dwarf;
				ENABLE_STRICT_OBJC_MSGSEND = YES;
				ENABLE_TESTABILITY = YES;
				ENABLE_USER_SCRIPT_SANDBOXING = YES;
				GCC_C_LANGUAGE_STANDARD = gnu17;
				GCC_DYNAMIC_NO_PIC = NO;
				GCC_NO_COMMON_BLOCKS = YES;
				GCC_OPTIMIZATION_LEVEL = 0;
				GCC_PREPROCESSOR_DEFINITIONS = (
					"DEBUG=1",
					"$(inherited)",
				);
				GCC_WARN_64_TO_32_BIT_CONVERSION = YES;
				GCC_WARN_ABOUT_RETURN_TYPE = YES_ERROR;
				GCC_WARN_UNDECLARED_SELECTOR = YES;
				GCC_WARN_UNINITIALIZED_AUTOS = YES_AGGRESSIVE;
				GCC_WARN_UNUSED_FUNCTION = YES;
				GCC_WARN_UNUSED_VARIABLE = YES;
				IPHONEOS_DEPLOYMENT_TARGET = 18.2;
				LOCALIZATION_PREFERS_STRING_CATALOGS = YES;
				MTL_ENABLE_DEBUG_INFO = INCLUDE_SOURCE;
				MTL_FAST_MATH = YES;
				ONLY_ACTIVE_ARCH = YES;
				SDKROOT = iphoneos;
				SWIFT_ACTIVE_COMPILATION_CONDITIONS = "DEBUG $(inherited)";
				SWIFT_OPTIMIZATION_LEVEL = "-Onone";
			};
			name = Debug;
		};
		966877252D30F7B900D21A8A /* Release */ = {
			isa = XCBuildConfiguration;
			buildSettings = {
				ALWAYS_SEARCH_USER_PATHS = NO;
				ASSETCATALOG_COMPILER_GENERATE_SWIFT_ASSET_SYMBOL_EXTENSIONS = YES;
				CLANG_ANALYZER_NONNULL = YES;
				CLANG_ANALYZER_NUMBER_OBJECT_CONVERSION = YES_AGGRESSIVE;
				CLANG_CXX_LANGUAGE_STANDARD = "gnu++20";
				CLANG_ENABLE_MODULES = YES;
				CLANG_ENABLE_OBJC_ARC = YES;
				CLANG_ENABLE_OBJC_WEAK = YES;
				CLANG_WARN_BLOCK_CAPTURE_AUTORELEASING = YES;
				CLANG_WARN_BOOL_CONVERSION = YES;
				CLANG_WARN_COMMA = YES;
				CLANG_WARN_CONSTANT_CONVERSION = YES;
				CLANG_WARN_DEPRECATED_OBJC_IMPLEMENTATIONS = YES;
				CLANG_WARN_DIRECT_OBJC_ISA_USAGE = YES_ERROR;
				CLANG_WARN_DOCUMENTATION_COMMENTS = YES;
				CLANG_WARN_EMPTY_BODY = YES;
				CLANG_WARN_ENUM_CONVERSION = YES;
				CLANG_WARN_INFINITE_RECURSION = YES;
				CLANG_WARN_INT_CONVERSION = YES;
				CLANG_WARN_NON_LITERAL_NULL_CONVERSION = YES;
				CLANG_WARN_OBJC_IMPLICIT_RETAIN_SELF = YES;
				CLANG_WARN_OBJC_LITERAL_CONVERSION = YES;
				CLANG_WARN_OBJC_ROOT_CLASS = YES_ERROR;
				CLANG_WARN_QUOTED_INCLUDE_IN_FRAMEWORK_HEADER = YES;
				CLANG_WARN_RANGE_LOOP_ANALYSIS = YES;
				CLANG_WARN_STRICT_PROTOTYPES = YES;
				CLANG_WARN_SUSPICIOUS_MOVE = YES;
				CLANG_WARN_UNGUARDED_AVAILABILITY = YES_AGGRESSIVE;
				CLANG_WARN_UNREACHABLE_CODE = YES;
				CLANG_WARN__DUPLICATE_METHOD_MATCH = YES;
				COPY_PHASE_STRIP = NO;
				DEBUG_INFORMATION_FORMAT = "dwarf-with-dsym";
				ENABLE_NS_ASSERTIONS = NO;
				ENABLE_STRICT_OBJC_MSGSEND = YES;
				ENABLE_USER_SCRIPT_SANDBOXING = YES;
				GCC_C_LANGUAGE_STANDARD = gnu17;
				GCC_NO_COMMON_BLOCKS = YES;
				GCC_WARN_64_TO_32_BIT_CONVERSION = YES;
				GCC_WARN_ABOUT_RETURN_TYPE = YES_ERROR;
				GCC_WARN_UNDECLARED_SELECTOR = YES;
				GCC_WARN_UNINITIALIZED_AUTOS = YES_AGGRESSIVE;
				GCC_WARN_UNUSED_FUNCTION = YES;
				GCC_WARN_UNUSED_VARIABLE = YES;
				IPHONEOS_DEPLOYMENT_TARGET = 18.2;
				LOCALIZATION_PREFERS_STRING_CATALOGS = YES;
				MTL_ENABLE_DEBUG_INFO = NO;
				MTL_FAST_MATH = YES;
				SDKROOT = iphoneos;
				SWIFT_COMPILATION_MODE = wholemodule;
				VALIDATE_PRODUCT = YES;
			};
			name = Release;
		};
		966877272D30F7B900D21A8A /* Debug */ = {
			isa = XCBuildConfiguration;
			buildSettings = {
				BUNDLE_LOADER = "$(TEST_HOST)";
				CODE_SIGN_STYLE = Automatic;
				CURRENT_PROJECT_VERSION = 1;
				GENERATE_INFOPLIST_FILE = YES;
				IPHONEOS_DEPLOYMENT_TARGET = 18.2;
				MARKETING_VERSION = 1.0;
				PRODUCT_BUNDLE_IDENTIFIER = com.Areefshail.UnitConverter2Tests;
				PRODUCT_NAME = "$(TARGET_NAME)";
				SWIFT_EMIT_LOC_STRINGS = NO;
				SWIFT_VERSION = 5.0;
				TARGETED_DEVICE_FAMILY = "1,2";
				TEST_HOST = "$(BUILT_PRODUCTS_DIR)/UnitConverter2.app/$(BUNDLE_EXECUTABLE_FOLDER_PATH)/UnitConverter2";
			};
			name = Debug;
		};
		966877282D30F7B900D21A8A /* Release */ = {
			isa = XCBuildConfiguration;
			buildSettings = {
				BUNDLE_LOADER = "$(TEST_HOST)";
				CODE_SIGN_STYLE = Automatic;
				CURRENT_PROJECT_VERSION = 1;
				GENERATE_INFOPLIST_FILE = YES;
				IPHONEOS_DEPLOYMENT_TARGET = 18.2;
				MARKETING_VERSION = 1.0;
				PRODUCT_BUNDLE_IDENTIFIER = com.Areefshail.UnitConverter2Tests;
				PRODUCT_NAME = "$(TARGET_NAME)";
				SWIFT_EMIT_LOC_STRINGS = NO;
				SWIFT_VERSION = 5.0;
				TARGETED_DEVICE_FAMILY = "1,2";
				TEST_HOST = "$(BUILT_PRODUCTS_DIR)/UnitConverter2.app/$(BUNDLE_EXECUTABLE_FOLDER_PATH)/UnitConverter2";
			};
			name = Release;
		};
		9668772A2D30F7B900D21A8A /* Debug */ = {
			isa = XCBuildConfiguration;
			buildSettings = {
				CODE_SIGN_STYLE = Automatic;
				CURRENT_PROJECT_VERSION = 1;
				GENERATE_INFOPLIST_FILE = YES;
				MARKETING_VERSION = 1.0;
				PRODUCT_BUNDLE_IDENTIFIER = com.Areefshail.UnitConverter2UITests;
				PRODUCT_NAME = "$(TARGET_NAME)";
				SWIFT_EMIT_LOC_STRINGS = NO;
				SWIFT_VERSION = 5.0;
				TARGETED_DEVICE_FAMILY = "1,2";
				TEST_TARGET_NAME = UnitConverter2;
			};
			name = Debug;
		};
		9668772B2D30F7B900D21A8A /* Release */ = {
			isa = XCBuildConfiguration;
			buildSettings = {
				CODE_SIGN_STYLE = Automatic;
				CURRENT_PROJECT_VERSION = 1;
				GENERATE_INFOPLIST_FILE = YES;
				MARKETING_VERSION = 1.0;
				PRODUCT_BUNDLE_IDENTIFIER = com.Areefshail.UnitConverter2UITests;
				PRODUCT_NAME = "$(TARGET_NAME)";
				SWIFT_EMIT_LOC_STRINGS = NO;
				SWIFT_VERSION = 5.0;
				TARGETED_DEVICE_FAMILY = "1,2";
				TEST_TARGET_NAME = UnitConverter2;
			};
			name = Release;
		};
/* End XCBuildConfiguration section */

/* Begin XCConfigurationList section */
		966876F32D30F7B800D21A8A /* Build configuration list for PBXProject "UnitConverter2" */ = {
			isa = XCConfigurationList;
			buildConfigurations = (
				966877242D30F7B900D21A8A /* Debug */,
				966877252D30F7B900D21A8A /* Release */,
			);
			defaultConfigurationIsVisible = 0;
			defaultConfigurationName = Release;
		};
		966877212D30F7B900D21A8A /* Build configuration list for PBXNativeTarget "UnitConverter2" */ = {
			isa = XCConfigurationList;
			buildConfigurations = (
				966877222D30F7B900D21A8A /* Debug */,
				966877232D30F7B900D21A8A /* Release */,
			);
			defaultConfigurationIsVisible = 0;
			defaultConfigurationName = Release;
		};
		966877262D30F7B900D21A8A /* Build configuration list for PBXNativeTarget "UnitConverter2Tests" */ = {
			isa = XCConfigurationList;
			buildConfigurations = (
				966877272D30F7B900D21A8A /* Debug */,
				966877282D30F7B900D21A8A /* Release */,
			);
			defaultConfigurationIsVisible = 0;
			defaultConfigurationName = Release;
		};
		966877292D30F7B900D21A8A /* Build configuration list for PBXNativeTarget "UnitConverter2UITests" */ = {
			isa = XCConfigurationList;
			buildConfigurations = (
				9668772A2D30F7B900D21A8A /* Debug */,
				9668772B2D30F7B900D21A8A /* Release */,
			);
			defaultConfigurationIsVisible = 0;
			defaultConfigurationName = Release;
		};
/* End XCConfigurationList section */
	};
	rootObject = 966876F02D30F7B800D21A8A /* Project object */;
}
